
Microsoft Visual Studio Solution File, Format Version 12.00
# Visual Studio Version 16
VisualStudioVersion = 16.0.29519.87
MinimumVisualStudioVersion = 10.0.40219.1
Project("{FAE04EC0-301F-11D3-BF4B-00C04F79EFBC}") = "Demo.Server", "Demo.Server\Demo.Server.csproj", "{C8BE2DD4-233A-4150-8E71-4C02177114CA}"
EndProject
Project("{FAE04EC0-301F-11D3-BF4B-00C04F79EFBC}") = "Shared.Common", "Shared.Common\Shared.Common.csproj", "{DF7911E0-0410-4DB8-B964-9FAAD1972E70}"
EndProject
Project("{FAE04EC0-301F-11D3-BF4B-00C04F79EFBC}") = "Shared.Networking", "Shared.Networking\Shared.Networking.csproj", "{6DAAA08C-9968-465C-8E6F-447F7A383EE8}"
EndProject
Project("{FAE04EC0-301F-11D3-BF4B-00C04F79EFBC}") = "Shared.Networking.Advanced", "Shared.Networking.Advanced\Shared.Networking.Advanced.csproj", "{81612B90-63B0-4642-8AB8-8D36184F9595}"
EndProject
Project("{FAE04EC0-301F-11D3-BF4B-00C04F79EFBC}") = "Shared.Networking.Models", "Shared.Networking.Models\Shared.Networking.Models.csproj", "{BDA4C682-0C92-463C-93A5-426DDE187CAB}"
EndProject
Project("{FAE04EC0-301F-11D3-BF4B-00C04F79EFBC}") = "Shared.Networking.DataEntities", "Shared.Networking.DataEntities\Shared.Networking.DataEntities.csproj", "{8BB1529D-1994-4A64-9204-BDCF0F933A83}"
EndProject
Global
	GlobalSection(SolutionConfigurationPlatforms) = preSolution
		Debug|Any CPU = Debug|Any CPU
		Release|Any CPU = Release|Any CPU
	EndGlobalSection
	GlobalSection(ProjectConfigurationPlatforms) = postSolution
		{C8BE2DD4-233A-4150-8E71-4C02177114CA}.Debug|Any CPU.ActiveCfg = Debug|Any CPU
		{C8BE2DD4-233A-4150-8E71-4C02177114CA}.Debug|Any CPU.Build.0 = Debug|Any CPU
		{C8BE2DD4-233A-4150-8E71-4C02177114CA}.Release|Any CPU.ActiveCfg = Release|Any CPU
		{C8BE2DD4-233A-4150-8E71-4C02177114CA}.Release|Any CPU.Build.0 = Release|Any CPU
		{DF7911E0-0410-4DB8-B964-9FAAD1972E70}.Debug|Any CPU.ActiveCfg = Debug|Any CPU
		{DF7911E0-0410-4DB8-B964-9FAAD1972E70}.Debug|Any CPU.Build.0 = Debug|Any CPU
		{DF7911E0-0410-4DB8-B964-9FAAD1972E70}.Release|Any CPU.ActiveCfg = Release|Any CPU
		{DF7911E0-0410-4DB8-B964-9FAAD1972E70}.Release|Any CPU.Build.0 = Release|Any CPU
		{6DAAA08C-9968-465C-8E6F-447F7A383EE8}.Debug|Any CPU.ActiveCfg = Debug|Any CPU
		{6DAAA08C-9968-465C-8E6F-447F7A383EE8}.Debug|Any CPU.Build.0 = Debug|Any CPU
		{6DAAA08C-9968-465C-8E6F-447F7A383EE8}.Release|Any CPU.ActiveCfg = Release|Any CPU
		{6DAAA08C-9968-465C-8E6F-447F7A383EE8}.Release|Any CPU.Build.0 = Release|Any CPU
		{81612B90-63B0-4642-8AB8-8D36184F9595}.Debug|Any CPU.ActiveCfg = Debug|Any CPU
		{81612B90-63B0-4642-8AB8-8D36184F9595}.Debug|Any CPU.Build.0 = Debug|Any CPU
		{81612B90-63B0-4642-8AB8-8D36184F9595}.Release|Any CPU.ActiveCfg = Release|Any CPU
		{81612B90-63B0-4642-8AB8-8D36184F9595}.Release|Any CPU.Build.0 = Release|Any CPU
		{BDA4C682-0C92-463C-93A5-426DDE187CAB}.Debug|Any CPU.ActiveCfg = Debug|Any CPU
		{BDA4C682-0C92-463C-93A5-426DDE187CAB}.Debug|Any CPU.Build.0 = Debug|Any CPU
		{BDA4C682-0C92-463C-93A5-426DDE187CAB}.Release|Any CPU.ActiveCfg = Release|Any CPU
		{BDA4C682-0C92-463C-93A5-426DDE187CAB}.Release|Any CPU.Build.0 = Release|Any CPU
		{8BB1529D-1994-4A64-9204-BDCF0F933A83}.Debug|Any CPU.ActiveCfg = Debug|Any CPU
		{8BB1529D-1994-4A64-9204-BDCF0F933A83}.Debug|Any CPU.Build.0 = Debug|Any CPU
		{8BB1529D-1994-4A64-9204-BDCF0F933A83}.Release|Any CPU.ActiveCfg = Release|Any CPU
		{8BB1529D-1994-4A64-9204-BDCF0F933A83}.Release|Any CPU.Build.0 = Release|Any CPU
	EndGlobalSection
	GlobalSection(SolutionProperties) = preSolution
		HideSolutionNode = FALSE
	EndGlobalSection
	GlobalSection(ExtensibilityGlobals) = postSolution
		SolutionGuid = {92BFD9B0-99EC-4E89-8DEB-BCE92D3FF97E}
	EndGlobalSection
EndGlobal
